
Microsoft Visual Studio Solution File, Format Version 12.00
# Visual Studio 15
VisualStudioVersion = 15.0.28010.2003
MinimumVisualStudioVersion = 10.0.40219.1
Project("{9A19103F-16F7-4668-BE54-9A1E7A4F7556}") = "Rental_Data", "Rental_Data\Rental_Data.csproj", "{99337688-08BD-49FF-917D-239EC53A1FD2}"
EndProject
Project("{9A19103F-16F7-4668-BE54-9A1E7A4F7556}") = "Rental_Logic", "Rental_Logic\Rental_Logic.csproj", "{AC5AB8BB-C776-43AA-A1C0-FB68B9CFF8B4}"
EndProject
Project("{FAE04EC0-301F-11D3-BF4B-00C04F79EFBC}") = "RentalService", "RentalService\RentalService.csproj", "{5563B246-65FB-4D36-AB31-F8ADBF3534FE}"
EndProject
Project("{FAE04EC0-301F-11D3-BF4B-00C04F79EFBC}") = "RentalServiceHost", "RentalServiceHost\RentalServiceHost.csproj", "{E6835317-8A30-4467-8385-488A3371A52F}"
EndProject
Project("{FAE04EC0-301F-11D3-BF4B-00C04F79EFBC}") = "RentalServiceClient", "RentalServiceClient\RentalServiceClient.csproj", "{0877345E-6A5E-4ACE-9A96-DF65B229DD92}"
EndProject
Global
	GlobalSection(SolutionConfigurationPlatforms) = preSolution
		Debug|Any CPU = Debug|Any CPU
		Release|Any CPU = Release|Any CPU
	EndGlobalSection
	GlobalSection(ProjectConfigurationPlatforms) = postSolution
		{99337688-08BD-49FF-917D-239EC53A1FD2}.Debug|Any CPU.ActiveCfg = Debug|Any CPU
		{99337688-08BD-49FF-917D-239EC53A1FD2}.Debug|Any CPU.Build.0 = Debug|Any CPU
		{99337688-08BD-49FF-917D-239EC53A1FD2}.Release|Any CPU.ActiveCfg = Release|Any CPU
		{99337688-08BD-49FF-917D-239EC53A1FD2}.Release|Any CPU.Build.0 = Release|Any CPU
		{AC5AB8BB-C776-43AA-A1C0-FB68B9CFF8B4}.Debug|Any CPU.ActiveCfg = Debug|Any CPU
		{AC5AB8BB-C776-43AA-A1C0-FB68B9CFF8B4}.Debug|Any CPU.Build.0 = Debug|Any CPU
		{AC5AB8BB-C776-43AA-A1C0-FB68B9CFF8B4}.Release|Any CPU.ActiveCfg = Release|Any CPU
		{AC5AB8BB-C776-43AA-A1C0-FB68B9CFF8B4}.Release|Any CPU.Build.0 = Release|Any CPU
		{5563B246-65FB-4D36-AB31-F8ADBF3534FE}.Debug|Any CPU.ActiveCfg = Debug|Any CPU
		{5563B246-65FB-4D36-AB31-F8ADBF3534FE}.Debug|Any CPU.Build.0 = Debug|Any CPU
		{5563B246-65FB-4D36-AB31-F8ADBF3534FE}.Release|Any CPU.ActiveCfg = Release|Any CPU
		{5563B246-65FB-4D36-AB31-F8ADBF3534FE}.Release|Any CPU.Build.0 = Release|Any CPU
		{E6835317-8A30-4467-8385-488A3371A52F}.Debug|Any CPU.ActiveCfg = Debug|Any CPU
		{E6835317-8A30-4467-8385-488A3371A52F}.Debug|Any CPU.Build.0 = Debug|Any CPU
		{E6835317-8A30-4467-8385-488A3371A52F}.Release|Any CPU.ActiveCfg = Release|Any CPU
		{E6835317-8A30-4467-8385-488A3371A52F}.Release|Any CPU.Build.0 = Release|Any CPU
		{0877345E-6A5E-4ACE-9A96-DF65B229DD92}.Debug|Any CPU.ActiveCfg = Debug|Any CPU
		{0877345E-6A5E-4ACE-9A96-DF65B229DD92}.Debug|Any CPU.Build.0 = Debug|Any CPU
		{0877345E-6A5E-4ACE-9A96-DF65B229DD92}.Release|Any CPU.ActiveCfg = Release|Any CPU
		{0877345E-6A5E-4ACE-9A96-DF65B229DD92}.Release|Any CPU.Build.0 = Release|Any CPU
	EndGlobalSection
	GlobalSection(SolutionProperties) = preSolution
		HideSolutionNode = FALSE
	EndGlobalSection
	GlobalSection(ExtensibilityGlobals) = postSolution
		SolutionGuid = {F96482BC-5020-4208-AE0E-7667F8AEFB1A}
	EndGlobalSection
EndGlobal
